// !$*UTF8*$!
{
	archiveVersion = 1;
	classes = {
	};
	objectVersion = 55;
	objects = {

/* Begin PBXBuildFile section */
		FEC553442682B5D5003A7AF8 /* TicTacToeApp.swift in Sources */ = {isa = PBXBuildFile; fileRef = FEC553432682B5D5003A7AF8 /* TicTacToeApp.swift */; };
		FEC553462682B5D5003A7AF8 /* ContentView.swift in Sources */ = {isa = PBXBuildFile; fileRef = FEC553452682B5D5003A7AF8 /* ContentView.swift */; };
		FEC553482682B5D7003A7AF8 /* Assets.xcassets in Resources */ = {isa = PBXBuildFile; fileRef = FEC553472682B5D7003A7AF8 /* Assets.xcassets */; };
		FEC5534B2682B5D7003A7AF8 /* Preview Assets.xcassets in Resources */ = {isa = PBXBuildFile; fileRef = FEC5534A2682B5D7003A7AF8 /* Preview Assets.xcassets */; };
		FEC553552682B5D7003A7AF8 /* TicTacToeTests.swift in Sources */ = {isa = PBXBuildFile; fileRef = FEC553542682B5D7003A7AF8 /* TicTacToeTests.swift */; };
		FEC5535F2682B5D7003A7AF8 /* TicTacToeUITests.swift in Sources */ = {isa = PBXBuildFile; fileRef = FEC5535E2682B5D7003A7AF8 /* TicTacToeUITests.swift */; };
		FEC5536C2682B643003A7AF8 /* Tile.swift in Sources */ = {isa = PBXBuildFile; fileRef = FEC5536B2682B643003A7AF8 /* Tile.swift */; };
		FEC5536E2682B659003A7AF8 /* TileState.swift in Sources */ = {isa = PBXBuildFile; fileRef = FEC5536D2682B659003A7AF8 /* TileState.swift */; };
		FEC553702682C0FB003A7AF8 /* Board.swift in Sources */ = {isa = PBXBuildFile; fileRef = FEC5536F2682C0FB003A7AF8 /* Board.swift */; };
		FEC553722682CBF1003A7AF8 /* BoardView.swift in Sources */ = {isa = PBXBuildFile; fileRef = FEC553712682CBF1003A7AF8 /* BoardView.swift */; };
		FEC553742682D207003A7AF8 /* MachineMove.swift in Sources */ = {isa = PBXBuildFile; fileRef = FEC553732682D207003A7AF8 /* MachineMove.swift */; };
/* End PBXBuildFile section */

/* Begin PBXContainerItemProxy section */
		FEC553512682B5D7003A7AF8 /* PBXContainerItemProxy */ = {
			isa = PBXContainerItemProxy;
			containerPortal = FEC553382682B5D5003A7AF8 /* Project object */;
			proxyType = 1;
			remoteGlobalIDString = FEC5533F2682B5D5003A7AF8;
			remoteInfo = TicTacToe;
		};
		FEC5535B2682B5D7003A7AF8 /* PBXContainerItemProxy */ = {
			isa = PBXContainerItemProxy;
			containerPortal = FEC553382682B5D5003A7AF8 /* Project object */;
			proxyType = 1;
			remoteGlobalIDString = FEC5533F2682B5D5003A7AF8;
			remoteInfo = TicTacToe;
		};
/* End PBXContainerItemProxy section */

/* Begin PBXFileReference section */
		FEC553402682B5D5003A7AF8 /* TicTacToe.app */ = {isa = PBXFileReference; explicitFileType = wrapper.application; includeInIndex = 0; path = TicTacToe.app; sourceTree = BUILT_PRODUCTS_DIR; };
		FEC553432682B5D5003A7AF8 /* TicTacToeApp.swift */ = {isa = PBXFileReference; lastKnownFileType = sourcecode.swift; path = TicTacToeApp.swift; sourceTree = "<group>"; };
		FEC553452682B5D5003A7AF8 /* ContentView.swift */ = {isa = PBXFileReference; lastKnownFileType = sourcecode.swift; path = ContentView.swift; sourceTree = "<group>"; };
		FEC553472682B5D7003A7AF8 /* Assets.xcassets */ = {isa = PBXFileReference; lastKnownFileType = folder.assetcatalog; path = Assets.xcassets; sourceTree = "<group>"; };
		FEC5534A2682B5D7003A7AF8 /* Preview Assets.xcassets */ = {isa = PBXFileReference; lastKnownFileType = folder.assetcatalog; path = "Preview Assets.xcassets"; sourceTree = "<group>"; };
		FEC553502682B5D7003A7AF8 /* TicTacToeTests.xctest */ = {isa = PBXFileReference; explicitFileType = wrapper.cfbundle; includeInIndex = 0; path = TicTacToeTests.xctest; sourceTree = BUILT_PRODUCTS_DIR; };
		FEC553542682B5D7003A7AF8 /* TicTacToeTests.swift */ = {isa = PBXFileReference; lastKnownFileType = sourcecode.swift; path = TicTacToeTests.swift; sourceTree = "<group>"; };
		FEC5535A2682B5D7003A7AF8 /* TicTacToeUITests.xctest */ = {isa = PBXFileReference; explicitFileType = wrapper.cfbundle; includeInIndex = 0; path = TicTacToeUITests.xctest; sourceTree = BUILT_PRODUCTS_DIR; };
		FEC5535E2682B5D7003A7AF8 /* TicTacToeUITests.swift */ = {isa = PBXFileReference; lastKnownFileType = sourcecode.swift; path = TicTacToeUITests.swift; sourceTree = "<group>"; };
		FEC5536B2682B643003A7AF8 /* Tile.swift */ = {isa = PBXFileReference; lastKnownFileType = sourcecode.swift; path = Tile.swift; sourceTree = "<group>"; };
		FEC5536D2682B659003A7AF8 /* TileState.swift */ = {isa = PBXFileReference; lastKnownFileType = sourcecode.swift; path = TileState.swift; sourceTree = "<group>"; };
		FEC5536F2682C0FB003A7AF8 /* Board.swift */ = {isa = PBXFileReference; lastKnownFileType = sourcecode.swift; path = Board.swift; sourceTree = "<group>"; };
		FEC553712682CBF1003A7AF8 /* BoardView.swift */ = {isa = PBXFileReference; lastKnownFileType = sourcecode.swift; path = BoardView.swift; sourceTree = "<group>"; };
		FEC553732682D207003A7AF8 /* MachineMove.swift */ = {isa = PBXFileReference; lastKnownFileType = sourcecode.swift; path = MachineMove.swift; sourceTree = "<group>"; };
/* End PBXFileReference section */

/* Begin PBXFrameworksBuildPhase section */
		FEC5533D2682B5D5003A7AF8 /* Frameworks */ = {
			isa = PBXFrameworksBuildPhase;
			buildActionMask = 2147483647;
			files = (
			);
			runOnlyForDeploymentPostprocessing = 0;
		};
		FEC5534D2682B5D7003A7AF8 /* Frameworks */ = {
			isa = PBXFrameworksBuildPhase;
			buildActionMask = 2147483647;
			files = (
			);
			runOnlyForDeploymentPostprocessing = 0;
		};
		FEC553572682B5D7003A7AF8 /* Frameworks */ = {
			isa = PBXFrameworksBuildPhase;
			buildActionMask = 2147483647;
			files = (
			);
			runOnlyForDeploymentPostprocessing = 0;
		};
/* End PBXFrameworksBuildPhase section */

/* Begin PBXGroup section */
		FEC553372682B5D5003A7AF8 = {
			isa = PBXGroup;
			children = (
				FEC553422682B5D5003A7AF8 /* TicTacToe */,
				FEC553532682B5D7003A7AF8 /* TicTacToeTests */,
				FEC5535D2682B5D7003A7AF8 /* TicTacToeUITests */,
				FEC553412682B5D5003A7AF8 /* Products */,
			);
			sourceTree = "<group>";
		};
		FEC553412682B5D5003A7AF8 /* Products */ = {
			isa = PBXGroup;
			children = (
				FEC553402682B5D5003A7AF8 /* TicTacToe.app */,
				FEC553502682B5D7003A7AF8 /* TicTacToeTests.xctest */,
				FEC5535A2682B5D7003A7AF8 /* TicTacToeUITests.xctest */,
			);
			name = Products;
			sourceTree = "<group>";
		};
		FEC553422682B5D5003A7AF8 /* TicTacToe */ = {
			isa = PBXGroup;
			children = (
				FEC553432682B5D5003A7AF8 /* TicTacToeApp.swift */,
				FEC553452682B5D5003A7AF8 /* ContentView.swift */,
				FEC553472682B5D7003A7AF8 /* Assets.xcassets */,
				FEC553492682B5D7003A7AF8 /* Preview Content */,
				FEC5536B2682B643003A7AF8 /* Tile.swift */,
				FEC5536D2682B659003A7AF8 /* TileState.swift */,
				FEC5536F2682C0FB003A7AF8 /* Board.swift */,
				FEC553712682CBF1003A7AF8 /* BoardView.swift */,
				FEC553732682D207003A7AF8 /* MachineMove.swift */,
			);
			path = TicTacToe;
			sourceTree = "<group>";
		};
		FEC553492682B5D7003A7AF8 /* Preview Content */ = {
			isa = PBXGroup;
			children = (
				FEC5534A2682B5D7003A7AF8 /* Preview Assets.xcassets */,
			);
			path = "Preview Content";
			sourceTree = "<group>";
		};
		FEC553532682B5D7003A7AF8 /* TicTacToeTests */ = {
			isa = PBXGroup;
			children = (
				FEC553542682B5D7003A7AF8 /* TicTacToeTests.swift */,
			);
			path = TicTacToeTests;
			sourceTree = "<group>";
		};
		FEC5535D2682B5D7003A7AF8 /* TicTacToeUITests */ = {
			isa = PBXGroup;
			children = (
				FEC5535E2682B5D7003A7AF8 /* TicTacToeUITests.swift */,
			);
			path = TicTacToeUITests;
			sourceTree = "<group>";
		};
/* End PBXGroup section */

/* Begin PBXNativeTarget section */
		FEC5533F2682B5D5003A7AF8 /* TicTacToe */ = {
			isa = PBXNativeTarget;
			buildConfigurationList = FEC553622682B5D7003A7AF8 /* Build configuration list for PBXNativeTarget "TicTacToe" */;
			buildPhases = (
				FEC5533C2682B5D5003A7AF8 /* Sources */,
				FEC5533D2682B5D5003A7AF8 /* Frameworks */,
				FEC5533E2682B5D5003A7AF8 /* Resources */,
			);
			buildRules = (
			);
			dependencies = (
			);
			name = TicTacToe;
			productName = TicTacToe;
			productReference = FEC553402682B5D5003A7AF8 /* TicTacToe.app */;
			productType = "com.apple.product-type.application";
		};
		FEC5534F2682B5D7003A7AF8 /* TicTacToeTests */ = {
			isa = PBXNativeTarget;
			buildConfigurationList = FEC553652682B5D7003A7AF8 /* Build configuration list for PBXNativeTarget "TicTacToeTests" */;
			buildPhases = (
				FEC5534C2682B5D7003A7AF8 /* Sources */,
				FEC5534D2682B5D7003A7AF8 /* Frameworks */,
				FEC5534E2682B5D7003A7AF8 /* Resources */,
			);
			buildRules = (
			);
			dependencies = (
				FEC553522682B5D7003A7AF8 /* PBXTargetDependency */,
			);
			name = TicTacToeTests;
			productName = TicTacToeTests;
			productReference = FEC553502682B5D7003A7AF8 /* TicTacToeTests.xctest */;
			productType = "com.apple.product-type.bundle.unit-test";
		};
		FEC553592682B5D7003A7AF8 /* TicTacToeUITests */ = {
			isa = PBXNativeTarget;
			buildConfigurationList = FEC553682682B5D7003A7AF8 /* Build configuration list for PBXNativeTarget "TicTacToeUITests" */;
			buildPhases = (
				FEC553562682B5D7003A7AF8 /* Sources */,
				FEC553572682B5D7003A7AF8 /* Frameworks */,
				FEC553582682B5D7003A7AF8 /* Resources */,
			);
			buildRules = (
			);
			dependencies = (
				FEC5535C2682B5D7003A7AF8 /* PBXTargetDependency */,
			);
			name = TicTacToeUITests;
			productName = TicTacToeUITests;
			productReference = FEC5535A2682B5D7003A7AF8 /* TicTacToeUITests.xctest */;
			productType = "com.apple.product-type.bundle.ui-testing";
		};
/* End PBXNativeTarget section */

/* Begin PBXProject section */
		FEC553382682B5D5003A7AF8 /* Project object */ = {
			isa = PBXProject;
			attributes = {
				BuildIndependentTargetsInParallel = 1;
				LastSwiftUpdateCheck = 1300;
				LastUpgradeCheck = 1300;
				TargetAttributes = {
					FEC5533F2682B5D5003A7AF8 = {
						CreatedOnToolsVersion = 13.0;
					};
					FEC5534F2682B5D7003A7AF8 = {
						CreatedOnToolsVersion = 13.0;
						TestTargetID = FEC5533F2682B5D5003A7AF8;
					};
					FEC553592682B5D7003A7AF8 = {
						CreatedOnToolsVersion = 13.0;
						TestTargetID = FEC5533F2682B5D5003A7AF8;
					};
				};
			};
			buildConfigurationList = FEC5533B2682B5D5003A7AF8 /* Build configuration list for PBXProject "TicTacToe" */;
			compatibilityVersion = "Xcode 13.0";
			developmentRegion = en;
			hasScannedForEncodings = 0;
			knownRegions = (
				en,
				Base,
			);
			mainGroup = FEC553372682B5D5003A7AF8;
			productRefGroup = FEC553412682B5D5003A7AF8 /* Products */;
			projectDirPath = "";
			projectRoot = "";
			targets = (
				FEC5533F2682B5D5003A7AF8 /* TicTacToe */,
				FEC5534F2682B5D7003A7AF8 /* TicTacToeTests */,
				FEC553592682B5D7003A7AF8 /* TicTacToeUITests */,
			);
		};
/* End PBXProject section */

/* Begin PBXResourcesBuildPhase section */
		FEC5533E2682B5D5003A7AF8 /* Resources */ = {
			isa = PBXResourcesBuildPhase;
			buildActionMask = 2147483647;
			files = (
				FEC5534B2682B5D7003A7AF8 /* Preview Assets.xcassets in Resources */,
				FEC553482682B5D7003A7AF8 /* Assets.xcassets in Resources */,
			);
			runOnlyForDeploymentPostprocessing = 0;
		};
		FEC5534E2682B5D7003A7AF8 /* Resources */ = {
			isa = PBXResourcesBuildPhase;
			buildActionMask = 2147483647;
			files = (
			);
			runOnlyForDeploymentPostprocessing = 0;
		};
		FEC553582682B5D7003A7AF8 /* Resources */ = {
			isa = PBXResourcesBuildPhase;
			buildActionMask = 2147483647;
			files = (
			);
			runOnlyForDeploymentPostprocessing = 0;
		};
/* End PBXResourcesBuildPhase section */

/* Begin PBXSourcesBuildPhase section */
		FEC5533C2682B5D5003A7AF8 /* Sources */ = {
			isa = PBXSourcesBuildPhase;
			buildActionMask = 2147483647;
			files = (
				FEC5536C2682B643003A7AF8 /* Tile.swift in Sources */,
				FEC5536E2682B659003A7AF8 /* TileState.swift in Sources */,
				FEC553702682C0FB003A7AF8 /* Board.swift in Sources */,
				FEC553722682CBF1003A7AF8 /* BoardView.swift in Sources */,
				FEC553462682B5D5003A7AF8 /* ContentView.swift in Sources */,
				FEC553742682D207003A7AF8 /* MachineMove.swift in Sources */,
				FEC553442682B5D5003A7AF8 /* TicTacToeApp.swift in Sources */,
			);
			runOnlyForDeploymentPostprocessing = 0;
		};
		FEC5534C2682B5D7003A7AF8 /* Sources */ = {
			isa = PBXSourcesBuildPhase;
			buildActionMask = 2147483647;
			files = (
				FEC553552682B5D7003A7AF8 /* TicTacToeTests.swift in Sources */,
			);
			runOnlyForDeploymentPostprocessing = 0;
		};
		FEC553562682B5D7003A7AF8 /* Sources */ = {
			isa = PBXSourcesBuildPhase;
			buildActionMask = 2147483647;
			files = (
				FEC5535F2682B5D7003A7AF8 /* TicTacToeUITests.swift in Sources */,
			);
			runOnlyForDeploymentPostprocessing = 0;
		};
/* End PBXSourcesBuildPhase section */

/* Begin PBXTargetDependency section */
		FEC553522682B5D7003A7AF8 /* PBXTargetDependency */ = {
			isa = PBXTargetDependency;
			target = FEC5533F2682B5D5003A7AF8 /* TicTacToe */;
			targetProxy = FEC553512682B5D7003A7AF8 /* PBXContainerItemProxy */;
		};
		FEC5535C2682B5D7003A7AF8 /* PBXTargetDependency */ = {
			isa = PBXTargetDependency;
			target = FEC5533F2682B5D5003A7AF8 /* TicTacToe */;
			targetProxy = FEC5535B2682B5D7003A7AF8 /* PBXContainerItemProxy */;
		};
/* End PBXTargetDependency section */

/* Begin XCBuildConfiguration section */
		FEC553602682B5D7003A7AF8 /* Debug */ = {
			isa = XCBuildConfiguration;
			buildSettings = {
				ALWAYS_SEARCH_USER_PATHS = NO;
				CLANG_ANALYZER_NONNULL = YES;
				CLANG_ANALYZER_NUMBER_OBJECT_CONVERSION = YES_AGGRESSIVE;
				CLANG_CXX_LANGUAGE_STANDARD = "gnu++14";
				CLANG_CXX_LIBRARY = "libc++";
				CLANG_ENABLE_MODULES = YES;
				CLANG_ENABLE_OBJC_ARC = YES;
				CLANG_ENABLE_OBJC_WEAK = YES;
				CLANG_WARN_BLOCK_CAPTURE_AUTORELEASING = YES;
				CLANG_WARN_BOOL_CONVERSION = YES;
				CLANG_WARN_COMMA = YES;
				CLANG_WARN_CONSTANT_CONVERSION = YES;
				CLANG_WARN_DEPRECATED_OBJC_IMPLEMENTATIONS = YES;
				CLANG_WARN_DIRECT_OBJC_ISA_USAGE = YES_ERROR;
				CLANG_WARN_DOCUMENTATION_COMMENTS = YES;
				CLANG_WARN_EMPTY_BODY = YES;
				CLANG_WARN_ENUM_CONVERSION = YES;
				CLANG_WARN_INFINITE_RECURSION = YES;
				CLANG_WARN_INT_CONVERSION = YES;
				CLANG_WARN_NON_LITERAL_NULL_CONVERSION = YES;
				CLANG_WARN_OBJC_IMPLICIT_RETAIN_SELF = YES;
				CLANG_WARN_OBJC_LITERAL_CONVERSION = YES;
				CLANG_WARN_OBJC_ROOT_CLASS = YES_ERROR;
				CLANG_WARN_QUOTED_INCLUDE_IN_FRAMEWORK_HEADER = YES;
				CLANG_WARN_RANGE_LOOP_ANALYSIS = YES;
				CLANG_WARN_STRICT_PROTOTYPES = YES;
				CLANG_WARN_SUSPICIOUS_MOVE = YES;
				CLANG_WARN_UNGUARDED_AVAILABILITY = YES_AGGRESSIVE;
				CLANG_WARN_UNREACHABLE_CODE = YES;
				CLANG_WARN__DUPLICATE_METHOD_MATCH = YES;
				COPY_PHASE_STRIP = NO;
				DEBUG_INFORMATION_FORMAT = dwarf;
				ENABLE_STRICT_OBJC_MSGSEND = YES;
				ENABLE_TESTABILITY = YES;
				GCC_C_LANGUAGE_STANDARD = gnu11;
				GCC_DYNAMIC_NO_PIC = NO;
				GCC_NO_COMMON_BLOCKS = YES;
				GCC_OPTIMIZATION_LEVEL = 0;
				GCC_PREPROCESSOR_DEFINITIONS = (
					"DEBUG=1",
					"$(inherited)",
				);
				GCC_WARN_64_TO_32_BIT_CONVERSION = YES;
				GCC_WARN_ABOUT_RETURN_TYPE = YES_ERROR;
				GCC_WARN_UNDECLARED_SELECTOR = YES;
				GCC_WARN_UNINITIALIZED_AUTOS = YES_AGGRESSIVE;
				GCC_WARN_UNUSED_FUNCTION = YES;
				GCC_WARN_UNUSED_VARIABLE = YES;
				IPHONEOS_DEPLOYMENT_TARGET = 15.0;
				MTL_ENABLE_DEBUG_INFO = INCLUDE_SOURCE;
				MTL_FAST_MATH = YES;
				ONLY_ACTIVE_ARCH = YES;
				SDKROOT = iphoneos;
				SWIFT_ACTIVE_COMPILATION_CONDITIONS = DEBUG;
				SWIFT_OPTIMIZATION_LEVEL = "-Onone";
			};
			name = Debug;
		};
		FEC553612682B5D7003A7AF8 /* Release */ = {
			isa = XCBuildConfiguration;
			buildSettings = {
				ALWAYS_SEARCH_USER_PATHS = NO;
				CLANG_ANALYZER_NONNULL = YES;
				CLANG_ANALYZER_NUMBER_OBJECT_CONVERSION = YES_AGGRESSIVE;
				CLANG_CXX_LANGUAGE_STANDARD = "gnu++14";
				CLANG_CXX_LIBRARY = "libc++";
				CLANG_ENABLE_MODULES = YES;
				CLANG_ENABLE_OBJC_ARC = YES;
				CLANG_ENABLE_OBJC_WEAK = YES;
				CLANG_WARN_BLOCK_CAPTURE_AUTORELEASING = YES;
				CLANG_WARN_BOOL_CONVERSION = YES;
				CLANG_WARN_COMMA = YES;
				CLANG_WARN_CONSTANT_CONVERSION = YES;
				CLANG_WARN_DEPRECATED_OBJC_IMPLEMENTATIONS = YES;
				CLANG_WARN_DIRECT_OBJC_ISA_USAGE = YES_ERROR;
				CLANG_WARN_DOCUMENTATION_COMMENTS = YES;
				CLANG_WARN_EMPTY_BODY = YES;
				CLANG_WARN_ENUM_CONVERSION = YES;
				CLANG_WARN_INFINITE_RECURSION = YES;
				CLANG_WARN_INT_CONVERSION = YES;
				CLANG_WARN_NON_LITERAL_NULL_CONVERSION = YES;
				CLANG_WARN_OBJC_IMPLICIT_RETAIN_SELF = YES;
				CLANG_WARN_OBJC_LITERAL_CONVERSION = YES;
				CLANG_WARN_OBJC_ROOT_CLASS = YES_ERROR;
				CLANG_WARN_QUOTED_INCLUDE_IN_FRAMEWORK_HEADER = YES;
				CLANG_WARN_RANGE_LOOP_ANALYSIS = YES;
				CLANG_WARN_STRICT_PROTOTYPES = YES;
				CLANG_WARN_SUSPICIOUS_MOVE = YES;
				CLANG_WARN_UNGUARDED_AVAILABILITY = YES_AGGRESSIVE;
				CLANG_WARN_UNREACHABLE_CODE = YES;
				CLANG_WARN__DUPLICATE_METHOD_MATCH = YES;
				COPY_PHASE_STRIP = NO;
				DEBUG_INFORMATION_FORMAT = "dwarf-with-dsym";
				ENABLE_NS_ASSERTIONS = NO;
				ENABLE_STRICT_OBJC_MSGSEND = YES;
				GCC_C_LANGUAGE_STANDARD = gnu11;
				GCC_NO_COMMON_BLOCKS = YES;
				GCC_WARN_64_TO_32_BIT_CONVERSION = YES;
				GCC_WARN_ABOUT_RETURN_TYPE = YES_ERROR;
				GCC_WARN_UNDECLARED_SELECTOR = YES;
				GCC_WARN_UNINITIALIZED_AUTOS = YES_AGGRESSIVE;
				GCC_WARN_UNUSED_FUNCTION = YES;
				GCC_WARN_UNUSED_VARIABLE = YES;
				IPHONEOS_DEPLOYMENT_TARGET = 15.0;
				MTL_ENABLE_DEBUG_INFO = NO;
				MTL_FAST_MATH = YES;
				SDKROOT = iphoneos;
				SWIFT_COMPILATION_MODE = wholemodule;
				SWIFT_OPTIMIZATION_LEVEL = "-O";
				VALIDATE_PRODUCT = YES;
			};
			name = Release;
		};
		FEC553632682B5D7003A7AF8 /* Debug */ = {
			isa = XCBuildConfiguration;
			buildSettings = {
				ASSETCATALOG_COMPILER_APPICON_NAME = AppIcon;
				ASSETCATALOG_COMPILER_GLOBAL_ACCENT_COLOR_NAME = AccentColor;
				CODE_SIGN_STYLE = Automatic;
				CURRENT_PROJECT_VERSION = 1;
				DEVELOPMENT_ASSET_PATHS = "\"TicTacToe/Preview Content\"";
				DEVELOPMENT_TEAM = SP86DZAJ6F;
				ENABLE_PREVIEWS = YES;
				GENERATE_INFOPLIST_FILE = YES;
				INFOPLIST_KEY_UIApplicationSceneManifest_Generation = YES;
				INFOPLIST_KEY_UIApplicationSupportsIndirectInputEvents = YES;
				INFOPLIST_KEY_UILaunchScreen_Generation = YES;
				INFOPLIST_KEY_UISupportedInterfaceOrientations_iPad = "UIInterfaceOrientationPortrait UIInterfaceOrientationPortraitUpsideDown UIInterfaceOrientationLandscapeLeft UIInterfaceOrientationLandscapeRight";
				INFOPLIST_KEY_UISupportedInterfaceOrientations_iPhone = "UIInterfaceOrientationPortrait UIInterfaceOrientationLandscapeLeft UIInterfaceOrientationLandscapeRight";
				IPHONEOS_DEPLOYMENT_TARGET = 14.0;
				LD_RUNPATH_SEARCH_PATHS = (
					"$(inherited)",
					"@executable_path/Frameworks",
				);
				MARKETING_VERSION = 1.0;
				PRODUCT_BUNDLE_IDENTIFIER = com.npc.TicTacToe;
				PRODUCT_NAME = "$(TARGET_NAME)";
				SWIFT_EMIT_LOC_STRINGS = YES;
				SWIFT_VERSION = 5.0;
				TARGETED_DEVICE_FAMILY = "1,2";
			};
			name = Debug;
		};
		FEC553642682B5D7003A7AF8 /* Release */ = {
			isa = XCBuildConfiguration;
			buildSettings = {
				ASSETCATALOG_COMPILER_APPICON_NAME = AppIcon;
				ASSETCATALOG_COMPILER_GLOBAL_ACCENT_COLOR_NAME = AccentColor;
				CODE_SIGN_STYLE = Automatic;
				CURRENT_PROJECT_VERSION = 1;
				DEVELOPMENT_ASSET_PATHS = "\"TicTacToe/Preview Content\"";
				DEVELOPMENT_TEAM = SP86DZAJ6F;
				ENABLE_PREVIEWS = YES;
				GENERATE_INFOPLIST_FILE = YES;
				INFOPLIST_KEY_UIApplicationSceneManifest_Generation = YES;
				INFOPLIST_KEY_UIApplicationSupportsIndirectInputEvents = YES;
				INFOPLIST_KEY_UILaunchScreen_Generation = YES;
				INFOPLIST_KEY_UISupportedInterfaceOrientations_iPad = "UIInterfaceOrientationPortrait UIInterfaceOrientationPortraitUpsideDown UIInterfaceOrientationLandscapeLeft UIInterfaceOrientationLandscapeRight";
				INFOPLIST_KEY_UISupportedInterfaceOrientations_iPhone = "UIInterfaceOrientationPortrait UIInterfaceOrientationLandscapeLeft UIInterfaceOrientationLandscapeRight";
				IPHONEOS_DEPLOYMENT_TARGET = 14.0;
				LD_RUNPATH_SEARCH_PATHS = (
					"$(inherited)",
					"@executable_path/Frameworks",
				);
				MARKETING_VERSION = 1.0;
				PRODUCT_BUNDLE_IDENTIFIER = com.npc.TicTacToe;
				PRODUCT_NAME = "$(TARGET_NAME)";
				SWIFT_EMIT_LOC_STRINGS = YES;
				SWIFT_VERSION = 5.0;
				TARGETED_DEVICE_FAMILY = "1,2";
			};
			name = Release;
		};
		FEC553662682B5D7003A7AF8 /* Debug */ = {
			isa = XCBuildConfiguration;
			buildSettings = {
				ALWAYS_EMBED_SWIFT_STANDARD_LIBRARIES = YES;
				BUNDLE_LOADER = "$(TEST_HOST)";
				CODE_SIGN_STYLE = Automatic;
				CURRENT_PROJECT_VERSION = 1;
				DEVELOPMENT_TEAM = SP86DZAJ6F;
				GENERATE_INFOPLIST_FILE = YES;
				IPHONEOS_DEPLOYMENT_TARGET = 14.0;
				LD_RUNPATH_SEARCH_PATHS = (
					"$(inherited)",
					"@executable_path/Frameworks",
					"@loader_path/Frameworks",
				);
				MARKETING_VERSION = 1.0;
				PRODUCT_BUNDLE_IDENTIFIER = com.npc.TicTacToeTests;
				PRODUCT_NAME = "$(TARGET_NAME)";
				SWIFT_EMIT_LOC_STRINGS = NO;
				SWIFT_VERSION = 5.0;
				TARGETED_DEVICE_FAMILY = "1,2";
				TEST_HOST = "$(BUILT_PRODUCTS_DIR)/TicTacToe.app/TicTacToe";
			};
			name = Debug;
		};
		FEC553672682B5D7003A7AF8 /* Release */ = {
			isa = XCBuildConfiguration;
			buildSettings = {
				ALWAYS_EMBED_SWIFT_STANDARD_LIBRARIES = YES;
				BUNDLE_LOADER = "$(TEST_HOST)";
				CODE_SIGN_STYLE = Automatic;
				CURRENT_PROJECT_VERSION = 1;
				DEVELOPMENT_TEAM = SP86DZAJ6F;
				GENERATE_INFOPLIST_FILE = YES;
				IPHONEOS_DEPLOYMENT_TARGET = 14.0;
				LD_RUNPATH_SEARCH_PATHS = (
					"$(inherited)",
					"@executable_path/Frameworks",
					"@loader_path/Frameworks",
				);
				MARKETING_VERSION = 1.0;
				PRODUCT_BUNDLE_IDENTIFIER = com.npc.TicTacToeTests;
				PRODUCT_NAME = "$(TARGET_NAME)";
				SWIFT_EMIT_LOC_STRINGS = NO;
				SWIFT_VERSION = 5.0;
				TARGETED_DEVICE_FAMILY = "1,2";
				TEST_HOST = "$(BUILT_PRODUCTS_DIR)/TicTacToe.app/TicTacToe";
			};
			name = Release;
		};
		FEC553692682B5D7003A7AF8 /* Debug */ = {
			isa = XCBuildConfiguration;
			buildSettings = {
				ALWAYS_EMBED_SWIFT_STANDARD_LIBRARIES = YES;
				CODE_SIGN_STYLE = Automatic;
				CURRENT_PROJECT_VERSION = 1;
				DEVELOPMENT_TEAM = SP86DZAJ6F;
				GENERATE_INFOPLIST_FILE = YES;
				LD_RUNPATH_SEARCH_PATHS = (
					"$(inherited)",
					"@executable_path/Frameworks",
					"@loader_path/Frameworks",
				);
				MARKETING_VERSION = 1.0;
				PRODUCT_BUNDLE_IDENTIFIER = com.npc.TicTacToeUITests;
				PRODUCT_NAME = "$(TARGET_NAME)";
				SWIFT_EMIT_LOC_STRINGS = NO;
				SWIFT_VERSION = 5.0;
				TARGETED_DEVICE_FAMILY = "1,2";
				TEST_TARGET_NAME = TicTacToe;
			};
			name = Debug;
		};
		FEC5536A2682B5D7003A7AF8 /* Release */ = {
			isa = XCBuildConfiguration;
			buildSettings = {
				ALWAYS_EMBED_SWIFT_STANDARD_LIBRARIES = YES;
				CODE_SIGN_STYLE = Automatic;
				CURRENT_PROJECT_VERSION = 1;
				DEVELOPMENT_TEAM = SP86DZAJ6F;
				GENERATE_INFOPLIST_FILE = YES;
				LD_RUNPATH_SEARCH_PATHS = (
					"$(inherited)",
					"@executable_path/Frameworks",
					"@loader_path/Frameworks",
				);
				MARKETING_VERSION = 1.0;
				PRODUCT_BUNDLE_IDENTIFIER = com.npc.TicTacToeUITests;
				PRODUCT_NAME = "$(TARGET_NAME)";
				SWIFT_EMIT_LOC_STRINGS = NO;
				SWIFT_VERSION = 5.0;
				TARGETED_DEVICE_FAMILY = "1,2";
				TEST_TARGET_NAME = TicTacToe;
			};
			name = Release;
		};
/* End XCBuildConfiguration section */

/* Begin XCConfigurationList section */
		FEC5533B2682B5D5003A7AF8 /* Build configuration list for PBXProject "TicTacToe" */ = {
			isa = XCConfigurationList;
			buildConfigurations = (
				FEC553602682B5D7003A7AF8 /* Debug */,
				FEC553612682B5D7003A7AF8 /* Release */,
			);
			defaultConfigurationIsVisible = 0;
			defaultConfigurationName = Release;
		};
		FEC553622682B5D7003A7AF8 /* Build configuration list for PBXNativeTarget "TicTacToe" */ = {
			isa = XCConfigurationList;
			buildConfigurations = (
				FEC553632682B5D7003A7AF8 /* Debug */,
				FEC553642682B5D7003A7AF8 /* Release */,
			);
			defaultConfigurationIsVisible = 0;
			defaultConfigurationName = Release;
		};
		FEC553652682B5D7003A7AF8 /* Build configuration list for PBXNativeTarget "TicTacToeTests" */ = {
			isa = XCConfigurationList;
			buildConfigurations = (
				FEC553662682B5D7003A7AF8 /* Debug */,
				FEC553672682B5D7003A7AF8 /* Release */,
			);
			defaultConfigurationIsVisible = 0;
			defaultConfigurationName = Release;
		};
		FEC553682682B5D7003A7AF8 /* Build configuration list for PBXNativeTarget "TicTacToeUITests" */ = {
			isa = XCConfigurationList;
			buildConfigurations = (
				FEC553692682B5D7003A7AF8 /* Debug */,
				FEC5536A2682B5D7003A7AF8 /* Release */,
			);
			defaultConfigurationIsVisible = 0;
			defaultConfigurationName = Release;
		};
/* End XCConfigurationList section */
	};
	rootObject = FEC553382682B5D5003A7AF8 /* Project object */;
}
